
Microsoft Visual Studio Solution File, Format Version 12.00
# Visual Studio Version 17
VisualStudioVersion = 17.4.33213.308
MinimumVisualStudioVersion = 10.0.40219.1
Project("{FAE04EC0-301F-11D3-BF4B-00C04F79EFBC}") = "SeleniumNunitExtendReportProject", "SeleniumNunitExtendReportProject\SeleniumNunitExtendReportProject.csproj", "{9391EDC1-B7B0-4717-B185-14EAD2C6CAE7}"
EndProject
Global
	GlobalSection(SolutionConfigurationPlatforms) = preSolution
		Debug|Any CPU = Debug|Any CPU
		Release|Any CPU = Release|Any CPU
	EndGlobalSection
	GlobalSection(ProjectConfigurationPlatforms) = postSolution
		{9391EDC1-B7B0-4717-B185-14EAD2C6CAE7}.Debug|Any CPU.ActiveCfg = Debug|Any CPU
		{9391EDC1-B7B0-4717-B185-14EAD2C6CAE7}.Debug|Any CPU.Build.0 = Debug|Any CPU
		{9391EDC1-B7B0-4717-B185-14EAD2C6CAE7}.Release|Any CPU.ActiveCfg = Release|Any CPU
		{9391EDC1-B7B0-4717-B185-14EAD2C6CAE7}.Release|Any CPU.Build.0 = Release|Any CPU
	EndGlobalSection
	GlobalSection(SolutionProperties) = preSolution
		HideSolutionNode = FALSE
	EndGlobalSection
	GlobalSection(ExtensibilityGlobals) = postSolution
		SolutionGuid = {D4DE8D6F-B73B-4334-8931-F5D848F1ACA4}
	EndGlobalSection
EndGlobal
